Microsoft Visual Studio Solution File, Format Version 12.00
# Visual Studio Version 17
VisualStudioVersion = 17.0.31611.283
MinimumVisualStudioVersion = 10.0.40219.1
Project("{9A19103F-16F7-4668-BE54-9A1E7A4F7556}") = "ControlR.Libraries.Shared", "Libraries\ControlR.Libraries.Shared\ControlR.Libraries.Shared.csproj", "{9DA9DD7F-2B58-46CF-A4BA-5ABFBD04BAF5}"
EndProject
Project("{2150E333-8FDC-42A3-9474-1A3956D46DE8}") = "Solution Items", "Solution Items", "{BFF05A82-6635-4DBD-BA89-3D26B2C7AEC7}"
	ProjectSection(SolutionItems) = preProject
		.editorconfig = .editorconfig
		Directory.Build.props = Directory.Build.props
		README.md = README.md
	EndProjectSection
EndProject
Project("{9A19103F-16F7-4668-BE54-9A1E7A4F7556}") = "ControlR.Agent", "ControlR.Agent\ControlR.Agent.csproj", "{85932781-AB64-48C9-9789-884D3BB32437}"
	ProjectSection(ProjectDependencies) = postProject
		{F0D66C51-D6BD-45F0-A814-B3B0B168A690} = {F0D66C51-D6BD-45F0-A814-B3B0B168A690}
	EndProjectSection
EndProject
Project("{9A19103F-16F7-4668-BE54-9A1E7A4F7556}") = "ControlR.Libraries.DevicesCommon", "Libraries\ControlR.Libraries.DevicesCommon\ControlR.Libraries.DevicesCommon.csproj", "{F773E361-61EF-4A18-8038-9DB2C8A08391}"
EndProject
Project("{2150E333-8FDC-42A3-9474-1A3956D46DE8}") = "Tests", "Tests", "{6A8B754D-F60A-42FB-9C3F-E19A6BBD0987}"
EndProject
Project("{9A19103F-16F7-4668-BE54-9A1E7A4F7556}") = "ControlR.Libraries.DevicesCommon.Tests", "Tests\ControlR.Libraries.DevicesCommon.Tests\ControlR.Libraries.DevicesCommon.Tests.csproj", "{8E0D0D8D-9342-4A55-9547-2AE4FC122DA8}"
EndProject
Project("{2150E333-8FDC-42A3-9474-1A3956D46DE8}") = ".build", ".build", "{94B85287-C904-4672-821E-D0B96BBDF89C}"
	ProjectSection(SolutionItems) = preProject
		.build\Build.ps1 = .build\Build.ps1
	EndProjectSection
EndProject
Project("{E53339B2-1760-4266-BCC7-CA923CBCF16C}") = "docker-compose", "docker-compose\docker-compose.dcproj", "{9BEF28CB-4D1A-4973-BBAE-26BDCCF8FB88}"
EndProject
Project("{9A19103F-16F7-4668-BE54-9A1E7A4F7556}") = "ControlR.Libraries.DevicesNative", "Libraries\ControlR.Libraries.DevicesNative\ControlR.Libraries.DevicesNative.csproj", "{BDAAE932-DEC8-4DD0-A059-C9E197A7911C}"
EndProject
Project("{2150E333-8FDC-42A3-9474-1A3956D46DE8}") = "Libraries", "Libraries", "{5E522C75-6FF4-4ADF-99F4-F8DBFF7F5D13}"
EndProject
Project("{9A19103F-16F7-4668-BE54-9A1E7A4F7556}") = "ControlR.Streamer", "ControlR.Streamer\ControlR.Streamer.csproj", "{F0D66C51-D6BD-45F0-A814-B3B0B168A690}"
EndProject
Project("{9A19103F-16F7-4668-BE54-9A1E7A4F7556}") = "ControlR.Libraries.ScreenCapture.Benchmarks", "Tests\ControlR.Libraries.ScreenCapture.Benchmarks\ControlR.Libraries.ScreenCapture.Benchmarks.csproj", "{95B98845-4F9C-4B6B-88F7-9194A2A824CA}"
EndProject
Project("{9A19103F-16F7-4668-BE54-9A1E7A4F7556}") = "ControlR.Libraries.Clients", "Libraries\ControlR.Libraries.Clients\ControlR.Libraries.Clients.csproj", "{E36620C7-2D12-4956-BF31-A82258A7C656}"
EndProject
Project("{9A19103F-16F7-4668-BE54-9A1E7A4F7556}") = "ControlR.Web.Server", "ControlR.Web.Server\ControlR.Web.Server.csproj", "{318CCA27-F0E2-4956-B94E-78E67BDAD81A}"
EndProject
Project("{9A19103F-16F7-4668-BE54-9A1E7A4F7556}") = "ControlR.Web.Client", "ControlR.Web.Client\ControlR.Web.Client.csproj", "{633D8066-7BC4-40CE-A752-B21CBF39CD79}"
EndProject
Project("{9A19103F-16F7-4668-BE54-9A1E7A4F7556}") = "ControlR.Web.ServiceDefaults", "ControlR.Web.ServiceDefaults\ControlR.Web.ServiceDefaults.csproj", "{C79FE601-7588-46E7-A0AF-D7245475C00C}"
EndProject
Project("{9A19103F-16F7-4668-BE54-9A1E7A4F7556}") = "ControlR.Web.AppHost", "ControlR.Web.AppHost\ControlR.Web.AppHost.csproj", "{5FE149EC-5F31-4E79-BDD1-DD98A3DC22C3}"
EndProject
Project("{9A19103F-16F7-4668-BE54-9A1E7A4F7556}") = "ControlR.Libraries.Signalr.Client", "Libraries\ControlR.Libraries.Signalr.Client\ControlR.Libraries.Signalr.Client.csproj", "{CFF4CEB7-C437-44F2-BA4C-7AE5171A5E94}"
EndProject
Project("{9A19103F-16F7-4668-BE54-9A1E7A4F7556}") = "ControlR.Agent.LoadTester", "Tests\ControlR.Agent.LoadTester\ControlR.Agent.LoadTester.csproj", "{475BDB0D-06C2-4C45-BD1F-7039CA14856A}"
EndProject
Project("{9A19103F-16F7-4668-BE54-9A1E7A4F7556}") = "ControlR.Agent.Common", "ControlR.Agent.Common\ControlR.Agent.Common.csproj", "{0BF63213-693A-44FE-AEAE-FF1D97521B30}"
EndProject
Project("{FAE04EC0-301F-11D3-BF4B-00C04F79EFBC}") = "ControlR.Tests.TestingUtilities", "Tests\ControlR.Tests.TestingUtilities\ControlR.Tests.TestingUtilities.csproj", "{492D07D2-B446-46A2-9473-6DCA5636EAFF}"
EndProject
Project("{FAE04EC0-301F-11D3-BF4B-00C04F79EFBC}") = "ControlR.Web.Server.Tests", "Tests\ControlR.Web.Server.Tests\ControlR.Web.Server.Tests.csproj", "{3994E4A1-3723-4E78-9E1E-5E575F304C8F}"
EndProject
Project("{FAE04EC0-301F-11D3-BF4B-00C04F79EFBC}") = "ControlR.Streamer.Tests", "Tests\ControlR.Streamer.Tests\ControlR.Streamer.Tests.csproj", "{97E132C0-C907-48D2-97A3-7882C56D57FE}"
EndProject
Project("{FAE04EC0-301F-11D3-BF4B-00C04F79EFBC}") = "ControlR.Libraries.WebSocketRelay.Common", "Libraries\ControlR.Libraries.WebSocketRelay.Common\ControlR.Libraries.WebSocketRelay.Common.csproj", "{B15F0F2C-A7A6-591E-AE2D-1F23161E0310}"
EndProject
Project("{FAE04EC0-301F-11D3-BF4B-00C04F79EFBC}") = "ControlR.Web.WebSocketRelay", "ControlR.Web.WebSocketRelay\ControlR.Web.WebSocketRelay.csproj", "{2E8C1483-3264-D2F5-2D43-490932CAD242}"
EndProject
Global
	GlobalSection(SolutionConfigurationPlatforms) = preSolution
		Debug|Any CPU = Debug|Any CPU
		Release|Any CPU = Release|Any CPU
	EndGlobalSection
	GlobalSection(ProjectConfigurationPlatforms) = postSolution
		{9DA9DD7F-2B58-46CF-A4BA-5ABFBD04BAF5}.Debug|Any CPU.ActiveCfg = Debug|Any CPU
		{9DA9DD7F-2B58-46CF-A4BA-5ABFBD04BAF5}.Debug|Any CPU.Build.0 = Debug|Any CPU
		{9DA9DD7F-2B58-46CF-A4BA-5ABFBD04BAF5}.Release|Any CPU.ActiveCfg = Release|Any CPU
		{9DA9DD7F-2B58-46CF-A4BA-5ABFBD04BAF5}.Release|Any CPU.Build.0 = Release|Any CPU
		{85932781-AB64-48C9-9789-884D3BB32437}.Debug|Any CPU.ActiveCfg = Debug|Any CPU
		{85932781-AB64-48C9-9789-884D3BB32437}.Debug|Any CPU.Build.0 = Debug|Any CPU
		{85932781-AB64-48C9-9789-884D3BB32437}.Release|Any CPU.ActiveCfg = Release|Any CPU
		{85932781-AB64-48C9-9789-884D3BB32437}.Release|Any CPU.Build.0 = Release|Any CPU
		{F773E361-61EF-4A18-8038-9DB2C8A08391}.Debug|Any CPU.ActiveCfg = Debug|Any CPU
		{F773E361-61EF-4A18-8038-9DB2C8A08391}.Debug|Any CPU.Build.0 = Debug|Any CPU
		{F773E361-61EF-4A18-8038-9DB2C8A08391}.Release|Any CPU.ActiveCfg = Release|Any CPU
		{F773E361-61EF-4A18-8038-9DB2C8A08391}.Release|Any CPU.Build.0 = Release|Any CPU
		{8E0D0D8D-9342-4A55-9547-2AE4FC122DA8}.Debug|Any CPU.ActiveCfg = Debug|Any CPU
		{8E0D0D8D-9342-4A55-9547-2AE4FC122DA8}.Debug|Any CPU.Build.0 = Debug|Any CPU
		{8E0D0D8D-9342-4A55-9547-2AE4FC122DA8}.Release|Any CPU.ActiveCfg = Release|Any CPU
		{8E0D0D8D-9342-4A55-9547-2AE4FC122DA8}.Release|Any CPU.Build.0 = Release|Any CPU
		{9BEF28CB-4D1A-4973-BBAE-26BDCCF8FB88}.Debug|Any CPU.ActiveCfg = Debug|Any CPU
		{9BEF28CB-4D1A-4973-BBAE-26BDCCF8FB88}.Debug|Any CPU.Build.0 = Debug|Any CPU
		{9BEF28CB-4D1A-4973-BBAE-26BDCCF8FB88}.Release|Any CPU.ActiveCfg = Release|Any CPU
		{9BEF28CB-4D1A-4973-BBAE-26BDCCF8FB88}.Release|Any CPU.Build.0 = Release|Any CPU
		{BDAAE932-DEC8-4DD0-A059-C9E197A7911C}.Debug|Any CPU.ActiveCfg = Debug|Any CPU
		{BDAAE932-DEC8-4DD0-A059-C9E197A7911C}.Debug|Any CPU.Build.0 = Debug|Any CPU
		{BDAAE932-DEC8-4DD0-A059-C9E197A7911C}.Release|Any CPU.ActiveCfg = Release|Any CPU
		{BDAAE932-DEC8-4DD0-A059-C9E197A7911C}.Release|Any CPU.Build.0 = Release|Any CPU
		{F0D66C51-D6BD-45F0-A814-B3B0B168A690}.Debug|Any CPU.ActiveCfg = Debug|Any CPU
		{F0D66C51-D6BD-45F0-A814-B3B0B168A690}.Debug|Any CPU.Build.0 = Debug|Any CPU
		{F0D66C51-D6BD-45F0-A814-B3B0B168A690}.Release|Any CPU.ActiveCfg = Release|Any CPU
		{F0D66C51-D6BD-45F0-A814-B3B0B168A690}.Release|Any CPU.Build.0 = Release|Any CPU
		{95B98845-4F9C-4B6B-88F7-9194A2A824CA}.Debug|Any CPU.ActiveCfg = Debug|Any CPU
		{95B98845-4F9C-4B6B-88F7-9194A2A824CA}.Debug|Any CPU.Build.0 = Debug|Any CPU
		{95B98845-4F9C-4B6B-88F7-9194A2A824CA}.Release|Any CPU.ActiveCfg = Release|Any CPU
		{95B98845-4F9C-4B6B-88F7-9194A2A824CA}.Release|Any CPU.Build.0 = Release|Any CPU
		{E36620C7-2D12-4956-BF31-A82258A7C656}.Debug|Any CPU.ActiveCfg = Debug|Any CPU
		{E36620C7-2D12-4956-BF31-A82258A7C656}.Debug|Any CPU.Build.0 = Debug|Any CPU
		{E36620C7-2D12-4956-BF31-A82258A7C656}.Release|Any CPU.ActiveCfg = Release|Any CPU
		{E36620C7-2D12-4956-BF31-A82258A7C656}.Release|Any CPU.Build.0 = Release|Any CPU
		{318CCA27-F0E2-4956-B94E-78E67BDAD81A}.Debug|Any CPU.ActiveCfg = Debug|Any CPU
		{318CCA27-F0E2-4956-B94E-78E67BDAD81A}.Debug|Any CPU.Build.0 = Debug|Any CPU
		{318CCA27-F0E2-4956-B94E-78E67BDAD81A}.Release|Any CPU.ActiveCfg = Release|Any CPU
		{318CCA27-F0E2-4956-B94E-78E67BDAD81A}.Release|Any CPU.Build.0 = Release|Any CPU
		{633D8066-7BC4-40CE-A752-B21CBF39CD79}.Debug|Any CPU.ActiveCfg = Debug|Any CPU
		{633D8066-7BC4-40CE-A752-B21CBF39CD79}.Debug|Any CPU.Build.0 = Debug|Any CPU
		{633D8066-7BC4-40CE-A752-B21CBF39CD79}.Release|Any CPU.ActiveCfg = Release|Any CPU
		{633D8066-7BC4-40CE-A752-B21CBF39CD79}.Release|Any CPU.Build.0 = Release|Any CPU
		{C79FE601-7588-46E7-A0AF-D7245475C00C}.Debug|Any CPU.ActiveCfg = Debug|Any CPU
		{C79FE601-7588-46E7-A0AF-D7245475C00C}.Debug|Any CPU.Build.0 = Debug|Any CPU
		{C79FE601-7588-46E7-A0AF-D7245475C00C}.Release|Any CPU.ActiveCfg = Release|Any CPU
		{C79FE601-7588-46E7-A0AF-D7245475C00C}.Release|Any CPU.Build.0 = Release|Any CPU
		{5FE149EC-5F31-4E79-BDD1-DD98A3DC22C3}.Debug|Any CPU.ActiveCfg = Debug|Any CPU
		{5FE149EC-5F31-4E79-BDD1-DD98A3DC22C3}.Debug|Any CPU.Build.0 = Debug|Any CPU
		{5FE149EC-5F31-4E79-BDD1-DD98A3DC22C3}.Release|Any CPU.ActiveCfg = Release|Any CPU
		{5FE149EC-5F31-4E79-BDD1-DD98A3DC22C3}.Release|Any CPU.Build.0 = Release|Any CPU
		{CFF4CEB7-C437-44F2-BA4C-7AE5171A5E94}.Debug|Any CPU.ActiveCfg = Debug|Any CPU
		{CFF4CEB7-C437-44F2-BA4C-7AE5171A5E94}.Debug|Any CPU.Build.0 = Debug|Any CPU
		{CFF4CEB7-C437-44F2-BA4C-7AE5171A5E94}.Release|Any CPU.ActiveCfg = Release|Any CPU
		{CFF4CEB7-C437-44F2-BA4C-7AE5171A5E94}.Release|Any CPU.Build.0 = Release|Any CPU
		{475BDB0D-06C2-4C45-BD1F-7039CA14856A}.Debug|Any CPU.ActiveCfg = Debug|Any CPU
		{475BDB0D-06C2-4C45-BD1F-7039CA14856A}.Debug|Any CPU.Build.0 = Debug|Any CPU
		{475BDB0D-06C2-4C45-BD1F-7039CA14856A}.Release|Any CPU.ActiveCfg = Release|Any CPU
		{475BDB0D-06C2-4C45-BD1F-7039CA14856A}.Release|Any CPU.Build.0 = Release|Any CPU
		{0BF63213-693A-44FE-AEAE-FF1D97521B30}.Debug|Any CPU.ActiveCfg = Debug|Any CPU
		{0BF63213-693A-44FE-AEAE-FF1D97521B30}.Debug|Any CPU.Build.0 = Debug|Any CPU
		{0BF63213-693A-44FE-AEAE-FF1D97521B30}.Release|Any CPU.ActiveCfg = Release|Any CPU
		{0BF63213-693A-44FE-AEAE-FF1D97521B30}.Release|Any CPU.Build.0 = Release|Any CPU
		{492D07D2-B446-46A2-9473-6DCA5636EAFF}.Debug|Any CPU.ActiveCfg = Debug|Any CPU
		{492D07D2-B446-46A2-9473-6DCA5636EAFF}.Debug|Any CPU.Build.0 = Debug|Any CPU
		{492D07D2-B446-46A2-9473-6DCA5636EAFF}.Release|Any CPU.ActiveCfg = Release|Any CPU
		{492D07D2-B446-46A2-9473-6DCA5636EAFF}.Release|Any CPU.Build.0 = Release|Any CPU
		{3994E4A1-3723-4E78-9E1E-5E575F304C8F}.Debug|Any CPU.ActiveCfg = Debug|Any CPU
		{3994E4A1-3723-4E78-9E1E-5E575F304C8F}.Debug|Any CPU.Build.0 = Debug|Any CPU
		{3994E4A1-3723-4E78-9E1E-5E575F304C8F}.Release|Any CPU.ActiveCfg = Release|Any CPU
		{3994E4A1-3723-4E78-9E1E-5E575F304C8F}.Release|Any CPU.Build.0 = Release|Any CPU
		{97E132C0-C907-48D2-97A3-7882C56D57FE}.Debug|Any CPU.ActiveCfg = Debug|Any CPU
		{97E132C0-C907-48D2-97A3-7882C56D57FE}.Debug|Any CPU.Build.0 = Debug|Any CPU
		{97E132C0-C907-48D2-97A3-7882C56D57FE}.Release|Any CPU.ActiveCfg = Release|Any CPU
		{97E132C0-C907-48D2-97A3-7882C56D57FE}.Release|Any CPU.Build.0 = Release|Any CPU
		{B15F0F2C-A7A6-591E-AE2D-1F23161E0310}.Debug|Any CPU.ActiveCfg = Debug|Any CPU
		{B15F0F2C-A7A6-591E-AE2D-1F23161E0310}.Debug|Any CPU.Build.0 = Debug|Any CPU
		{B15F0F2C-A7A6-591E-AE2D-1F23161E0310}.Release|Any CPU.ActiveCfg = Release|Any CPU
		{B15F0F2C-A7A6-591E-AE2D-1F23161E0310}.Release|Any CPU.Build.0 = Release|Any CPU
		{2E8C1483-3264-D2F5-2D43-490932CAD242}.Debug|Any CPU.ActiveCfg = Debug|Any CPU
		{2E8C1483-3264-D2F5-2D43-490932CAD242}.Debug|Any CPU.Build.0 = Debug|Any CPU
		{2E8C1483-3264-D2F5-2D43-490932CAD242}.Release|Any CPU.ActiveCfg = Release|Any CPU
		{2E8C1483-3264-D2F5-2D43-490932CAD242}.Release|Any CPU.Build.0 = Release|Any CPU
	EndGlobalSection
	GlobalSection(SolutionProperties) = preSolution
		HideSolutionNode = FALSE
	EndGlobalSection
	GlobalSection(NestedProjects) = preSolution
		{9DA9DD7F-2B58-46CF-A4BA-5ABFBD04BAF5} = {5E522C75-6FF4-4ADF-99F4-F8DBFF7F5D13}
		{F773E361-61EF-4A18-8038-9DB2C8A08391} = {5E522C75-6FF4-4ADF-99F4-F8DBFF7F5D13}
		{8E0D0D8D-9342-4A55-9547-2AE4FC122DA8} = {6A8B754D-F60A-42FB-9C3F-E19A6BBD0987}
		{94B85287-C904-4672-821E-D0B96BBDF89C} = {BFF05A82-6635-4DBD-BA89-3D26B2C7AEC7}
		{BDAAE932-DEC8-4DD0-A059-C9E197A7911C} = {5E522C75-6FF4-4ADF-99F4-F8DBFF7F5D13}
		{95B98845-4F9C-4B6B-88F7-9194A2A824CA} = {6A8B754D-F60A-42FB-9C3F-E19A6BBD0987}
		{E36620C7-2D12-4956-BF31-A82258A7C656} = {5E522C75-6FF4-4ADF-99F4-F8DBFF7F5D13}
		{CFF4CEB7-C437-44F2-BA4C-7AE5171A5E94} = {5E522C75-6FF4-4ADF-99F4-F8DBFF7F5D13}
		{475BDB0D-06C2-4C45-BD1F-7039CA14856A} = {6A8B754D-F60A-42FB-9C3F-E19A6BBD0987}
		{492D07D2-B446-46A2-9473-6DCA5636EAFF} = {6A8B754D-F60A-42FB-9C3F-E19A6BBD0987}
		{3994E4A1-3723-4E78-9E1E-5E575F304C8F} = {6A8B754D-F60A-42FB-9C3F-E19A6BBD0987}
		{97E132C0-C907-48D2-97A3-7882C56D57FE} = {6A8B754D-F60A-42FB-9C3F-E19A6BBD0987}
		{B15F0F2C-A7A6-591E-AE2D-1F23161E0310} = {5E522C75-6FF4-4ADF-99F4-F8DBFF7F5D13}
	EndGlobalSection
	GlobalSection(ExtensibilityGlobals) = postSolution
		SolutionGuid = {078E947A-B1A3-491E-BA80-0370172FB5F9}
	EndGlobalSection
EndGlobal
