Microsoft Visual Studio Solution File, Format Version 12.00
# Visual Studio Version 17
VisualStudioVersion = 17.0.31611.283
MinimumVisualStudioVersion = 10.0.40219.1
Project("{9A19103F-16F7-4668-BE54-9A1E7A4F7556}") = "ControlR.Viewer", "ControlR.Viewer\ControlR.Viewer.csproj", "{5F12FC43-5558-45FE-B572-1370815F9A83}"
EndProject
Project("{9A19103F-16F7-4668-BE54-9A1E7A4F7556}") = "ControlR.Shared", "ControlR.Shared\ControlR.Shared.csproj", "{9DA9DD7F-2B58-46CF-A4BA-5ABFBD04BAF5}"
EndProject
Project("{9A19103F-16F7-4668-BE54-9A1E7A4F7556}") = "ControlR.Server", "ControlR.Server\ControlR.Server.csproj", "{414A0D9A-326C-4595-A579-3F391023D9C1}"
EndProject
Project("{2150E333-8FDC-42A3-9474-1A3956D46DE8}") = "Solution Items", "Solution Items", "{BFF05A82-6635-4DBD-BA89-3D26B2C7AEC7}"
	ProjectSection(SolutionItems) = preProject
		.editorconfig = .editorconfig
		ControlR.sln.startup.json = ControlR.sln.startup.json
		global.json = global.json
	EndProjectSection
EndProject
Project("{9A19103F-16F7-4668-BE54-9A1E7A4F7556}") = "ControlR.Agent", "ControlR.Agent\ControlR.Agent.csproj", "{85932781-AB64-48C9-9789-884D3BB32437}"
EndProject
Project("{9A19103F-16F7-4668-BE54-9A1E7A4F7556}") = "ControlR.Devices.Common", "ControlR.Devices.Common\ControlR.Devices.Common.csproj", "{F773E361-61EF-4A18-8038-9DB2C8A08391}"
EndProject
Project("{2150E333-8FDC-42A3-9474-1A3956D46DE8}") = "Tests", "Tests", "{6A8B754D-F60A-42FB-9C3F-E19A6BBD0987}"
EndProject
Project("{9A19103F-16F7-4668-BE54-9A1E7A4F7556}") = "ControlR.Devices.Common.Tests", "Tests\ControlR.Devices.Common.Tests\ControlR.Devices.Common.Tests.csproj", "{8E0D0D8D-9342-4A55-9547-2AE4FC122DA8}"
EndProject
Project("{9A19103F-16F7-4668-BE54-9A1E7A4F7556}") = "ControlR.Agent.Tests", "tests\ControlR.Agent.Tests\ControlR.Agent.Tests.csproj", "{DEEABDBB-6362-40FE-8F20-8F2C6E3761FD}"
EndProject
Project("{54A90642-561A-4BB1-A94E-469ADEE60C69}") = "ControlR.Website", "ControlR.Website\ControlR.Website.esproj", "{14BABACA-6831-47FD-B1E1-71201BA669AE}"
EndProject
Project("{2150E333-8FDC-42A3-9474-1A3956D46DE8}") = ".build", ".build", "{94B85287-C904-4672-821E-D0B96BBDF89C}"
	ProjectSection(SolutionItems) = preProject
		.build\Build.ps1 = .build\Build.ps1
		.build\CreateKeystore.cmd = .build\CreateKeystore.cmd
		.build\install-tightvnc.sh = .build\install-tightvnc.sh
	EndProjectSection
EndProject
Global
	GlobalSection(SolutionConfigurationPlatforms) = preSolution
		Debug|Any CPU = Debug|Any CPU
		Debug|x64 = Debug|x64
		Debug|x86 = Debug|x86
		Release|Any CPU = Release|Any CPU
		Release|x64 = Release|x64
		Release|x86 = Release|x86
	EndGlobalSection
	GlobalSection(ProjectConfigurationPlatforms) = postSolution
		{5F12FC43-5558-45FE-B572-1370815F9A83}.Debug|Any CPU.ActiveCfg = Debug|Any CPU
		{5F12FC43-5558-45FE-B572-1370815F9A83}.Debug|Any CPU.Build.0 = Debug|Any CPU
		{5F12FC43-5558-45FE-B572-1370815F9A83}.Debug|Any CPU.Deploy.0 = Debug|Any CPU
		{5F12FC43-5558-45FE-B572-1370815F9A83}.Debug|x64.ActiveCfg = Debug|Any CPU
		{5F12FC43-5558-45FE-B572-1370815F9A83}.Debug|x64.Build.0 = Debug|Any CPU
		{5F12FC43-5558-45FE-B572-1370815F9A83}.Debug|x64.Deploy.0 = Debug|Any CPU
		{5F12FC43-5558-45FE-B572-1370815F9A83}.Debug|x86.ActiveCfg = Debug|Any CPU
		{5F12FC43-5558-45FE-B572-1370815F9A83}.Debug|x86.Build.0 = Debug|Any CPU
		{5F12FC43-5558-45FE-B572-1370815F9A83}.Debug|x86.Deploy.0 = Debug|Any CPU
		{5F12FC43-5558-45FE-B572-1370815F9A83}.Release|Any CPU.ActiveCfg = Release|Any CPU
		{5F12FC43-5558-45FE-B572-1370815F9A83}.Release|Any CPU.Build.0 = Release|Any CPU
		{5F12FC43-5558-45FE-B572-1370815F9A83}.Release|Any CPU.Deploy.0 = Release|Any CPU
		{5F12FC43-5558-45FE-B572-1370815F9A83}.Release|x64.ActiveCfg = Release|Any CPU
		{5F12FC43-5558-45FE-B572-1370815F9A83}.Release|x64.Build.0 = Release|Any CPU
		{5F12FC43-5558-45FE-B572-1370815F9A83}.Release|x64.Deploy.0 = Release|Any CPU
		{5F12FC43-5558-45FE-B572-1370815F9A83}.Release|x86.ActiveCfg = Release|Any CPU
		{5F12FC43-5558-45FE-B572-1370815F9A83}.Release|x86.Build.0 = Release|Any CPU
		{5F12FC43-5558-45FE-B572-1370815F9A83}.Release|x86.Deploy.0 = Release|Any CPU
		{9DA9DD7F-2B58-46CF-A4BA-5ABFBD04BAF5}.Debug|Any CPU.ActiveCfg = Debug|Any CPU
		{9DA9DD7F-2B58-46CF-A4BA-5ABFBD04BAF5}.Debug|Any CPU.Build.0 = Debug|Any CPU
		{9DA9DD7F-2B58-46CF-A4BA-5ABFBD04BAF5}.Debug|x64.ActiveCfg = Debug|Any CPU
		{9DA9DD7F-2B58-46CF-A4BA-5ABFBD04BAF5}.Debug|x64.Build.0 = Debug|Any CPU
		{9DA9DD7F-2B58-46CF-A4BA-5ABFBD04BAF5}.Debug|x86.ActiveCfg = Debug|Any CPU
		{9DA9DD7F-2B58-46CF-A4BA-5ABFBD04BAF5}.Debug|x86.Build.0 = Debug|Any CPU
		{9DA9DD7F-2B58-46CF-A4BA-5ABFBD04BAF5}.Release|Any CPU.ActiveCfg = Release|Any CPU
		{9DA9DD7F-2B58-46CF-A4BA-5ABFBD04BAF5}.Release|Any CPU.Build.0 = Release|Any CPU
		{9DA9DD7F-2B58-46CF-A4BA-5ABFBD04BAF5}.Release|x64.ActiveCfg = Release|Any CPU
		{9DA9DD7F-2B58-46CF-A4BA-5ABFBD04BAF5}.Release|x64.Build.0 = Release|Any CPU
		{9DA9DD7F-2B58-46CF-A4BA-5ABFBD04BAF5}.Release|x86.ActiveCfg = Release|Any CPU
		{9DA9DD7F-2B58-46CF-A4BA-5ABFBD04BAF5}.Release|x86.Build.0 = Release|Any CPU
		{414A0D9A-326C-4595-A579-3F391023D9C1}.Debug|Any CPU.ActiveCfg = Debug|Any CPU
		{414A0D9A-326C-4595-A579-3F391023D9C1}.Debug|Any CPU.Build.0 = Debug|Any CPU
		{414A0D9A-326C-4595-A579-3F391023D9C1}.Debug|x64.ActiveCfg = Debug|Any CPU
		{414A0D9A-326C-4595-A579-3F391023D9C1}.Debug|x64.Build.0 = Debug|Any CPU
		{414A0D9A-326C-4595-A579-3F391023D9C1}.Debug|x86.ActiveCfg = Debug|Any CPU
		{414A0D9A-326C-4595-A579-3F391023D9C1}.Debug|x86.Build.0 = Debug|Any CPU
		{414A0D9A-326C-4595-A579-3F391023D9C1}.Release|Any CPU.ActiveCfg = Release|Any CPU
		{414A0D9A-326C-4595-A579-3F391023D9C1}.Release|Any CPU.Build.0 = Release|Any CPU
		{414A0D9A-326C-4595-A579-3F391023D9C1}.Release|x64.ActiveCfg = Release|Any CPU
		{414A0D9A-326C-4595-A579-3F391023D9C1}.Release|x64.Build.0 = Release|Any CPU
		{414A0D9A-326C-4595-A579-3F391023D9C1}.Release|x86.ActiveCfg = Release|Any CPU
		{414A0D9A-326C-4595-A579-3F391023D9C1}.Release|x86.Build.0 = Release|Any CPU
		{85932781-AB64-48C9-9789-884D3BB32437}.Debug|Any CPU.ActiveCfg = Debug|Any CPU
		{85932781-AB64-48C9-9789-884D3BB32437}.Debug|Any CPU.Build.0 = Debug|Any CPU
		{85932781-AB64-48C9-9789-884D3BB32437}.Debug|x64.ActiveCfg = Debug|Any CPU
		{85932781-AB64-48C9-9789-884D3BB32437}.Debug|x64.Build.0 = Debug|Any CPU
		{85932781-AB64-48C9-9789-884D3BB32437}.Debug|x86.ActiveCfg = Debug|x86
		{85932781-AB64-48C9-9789-884D3BB32437}.Debug|x86.Build.0 = Debug|x86
		{85932781-AB64-48C9-9789-884D3BB32437}.Release|Any CPU.ActiveCfg = Release|Any CPU
		{85932781-AB64-48C9-9789-884D3BB32437}.Release|Any CPU.Build.0 = Release|Any CPU
		{85932781-AB64-48C9-9789-884D3BB32437}.Release|x64.ActiveCfg = Release|Any CPU
		{85932781-AB64-48C9-9789-884D3BB32437}.Release|x64.Build.0 = Release|Any CPU
		{85932781-AB64-48C9-9789-884D3BB32437}.Release|x86.ActiveCfg = Release|x86
		{85932781-AB64-48C9-9789-884D3BB32437}.Release|x86.Build.0 = Release|x86
		{F773E361-61EF-4A18-8038-9DB2C8A08391}.Debug|Any CPU.ActiveCfg = Debug|Any CPU
		{F773E361-61EF-4A18-8038-9DB2C8A08391}.Debug|Any CPU.Build.0 = Debug|Any CPU
		{F773E361-61EF-4A18-8038-9DB2C8A08391}.Debug|x64.ActiveCfg = Debug|Any CPU
		{F773E361-61EF-4A18-8038-9DB2C8A08391}.Debug|x64.Build.0 = Debug|Any CPU
		{F773E361-61EF-4A18-8038-9DB2C8A08391}.Debug|x86.ActiveCfg = Debug|Any CPU
		{F773E361-61EF-4A18-8038-9DB2C8A08391}.Debug|x86.Build.0 = Debug|Any CPU
		{F773E361-61EF-4A18-8038-9DB2C8A08391}.Release|Any CPU.ActiveCfg = Release|Any CPU
		{F773E361-61EF-4A18-8038-9DB2C8A08391}.Release|Any CPU.Build.0 = Release|Any CPU
		{F773E361-61EF-4A18-8038-9DB2C8A08391}.Release|x64.ActiveCfg = Release|Any CPU
		{F773E361-61EF-4A18-8038-9DB2C8A08391}.Release|x64.Build.0 = Release|Any CPU
		{F773E361-61EF-4A18-8038-9DB2C8A08391}.Release|x86.ActiveCfg = Release|Any CPU
		{F773E361-61EF-4A18-8038-9DB2C8A08391}.Release|x86.Build.0 = Release|Any CPU
		{8E0D0D8D-9342-4A55-9547-2AE4FC122DA8}.Debug|Any CPU.ActiveCfg = Debug|Any CPU
		{8E0D0D8D-9342-4A55-9547-2AE4FC122DA8}.Debug|Any CPU.Build.0 = Debug|Any CPU
		{8E0D0D8D-9342-4A55-9547-2AE4FC122DA8}.Debug|x64.ActiveCfg = Debug|Any CPU
		{8E0D0D8D-9342-4A55-9547-2AE4FC122DA8}.Debug|x64.Build.0 = Debug|Any CPU
		{8E0D0D8D-9342-4A55-9547-2AE4FC122DA8}.Debug|x86.ActiveCfg = Debug|Any CPU
		{8E0D0D8D-9342-4A55-9547-2AE4FC122DA8}.Debug|x86.Build.0 = Debug|Any CPU
		{8E0D0D8D-9342-4A55-9547-2AE4FC122DA8}.Release|Any CPU.ActiveCfg = Release|Any CPU
		{8E0D0D8D-9342-4A55-9547-2AE4FC122DA8}.Release|Any CPU.Build.0 = Release|Any CPU
		{8E0D0D8D-9342-4A55-9547-2AE4FC122DA8}.Release|x64.ActiveCfg = Release|Any CPU
		{8E0D0D8D-9342-4A55-9547-2AE4FC122DA8}.Release|x64.Build.0 = Release|Any CPU
		{8E0D0D8D-9342-4A55-9547-2AE4FC122DA8}.Release|x86.ActiveCfg = Release|Any CPU
		{8E0D0D8D-9342-4A55-9547-2AE4FC122DA8}.Release|x86.Build.0 = Release|Any CPU
		{DEEABDBB-6362-40FE-8F20-8F2C6E3761FD}.Debug|Any CPU.ActiveCfg = Debug|Any CPU
		{DEEABDBB-6362-40FE-8F20-8F2C6E3761FD}.Debug|Any CPU.Build.0 = Debug|Any CPU
		{DEEABDBB-6362-40FE-8F20-8F2C6E3761FD}.Debug|x64.ActiveCfg = Debug|Any CPU
		{DEEABDBB-6362-40FE-8F20-8F2C6E3761FD}.Debug|x64.Build.0 = Debug|Any CPU
		{DEEABDBB-6362-40FE-8F20-8F2C6E3761FD}.Debug|x86.ActiveCfg = Debug|x86
		{DEEABDBB-6362-40FE-8F20-8F2C6E3761FD}.Debug|x86.Build.0 = Debug|x86
		{DEEABDBB-6362-40FE-8F20-8F2C6E3761FD}.Release|Any CPU.ActiveCfg = Release|Any CPU
		{DEEABDBB-6362-40FE-8F20-8F2C6E3761FD}.Release|Any CPU.Build.0 = Release|Any CPU
		{DEEABDBB-6362-40FE-8F20-8F2C6E3761FD}.Release|x64.ActiveCfg = Release|Any CPU
		{DEEABDBB-6362-40FE-8F20-8F2C6E3761FD}.Release|x64.Build.0 = Release|Any CPU
		{DEEABDBB-6362-40FE-8F20-8F2C6E3761FD}.Release|x86.ActiveCfg = Release|x86
		{DEEABDBB-6362-40FE-8F20-8F2C6E3761FD}.Release|x86.Build.0 = Release|x86
		{14BABACA-6831-47FD-B1E1-71201BA669AE}.Debug|Any CPU.ActiveCfg = Debug|Any CPU
		{14BABACA-6831-47FD-B1E1-71201BA669AE}.Debug|Any CPU.Build.0 = Debug|Any CPU
		{14BABACA-6831-47FD-B1E1-71201BA669AE}.Debug|Any CPU.Deploy.0 = Debug|Any CPU
		{14BABACA-6831-47FD-B1E1-71201BA669AE}.Debug|x64.ActiveCfg = Debug|Any CPU
		{14BABACA-6831-47FD-B1E1-71201BA669AE}.Debug|x64.Build.0 = Debug|Any CPU
		{14BABACA-6831-47FD-B1E1-71201BA669AE}.Debug|x64.Deploy.0 = Debug|Any CPU
		{14BABACA-6831-47FD-B1E1-71201BA669AE}.Debug|x86.ActiveCfg = Debug|Any CPU
		{14BABACA-6831-47FD-B1E1-71201BA669AE}.Debug|x86.Build.0 = Debug|Any CPU
		{14BABACA-6831-47FD-B1E1-71201BA669AE}.Debug|x86.Deploy.0 = Debug|Any CPU
		{14BABACA-6831-47FD-B1E1-71201BA669AE}.Release|Any CPU.ActiveCfg = Release|Any CPU
		{14BABACA-6831-47FD-B1E1-71201BA669AE}.Release|Any CPU.Build.0 = Release|Any CPU
		{14BABACA-6831-47FD-B1E1-71201BA669AE}.Release|Any CPU.Deploy.0 = Release|Any CPU
		{14BABACA-6831-47FD-B1E1-71201BA669AE}.Release|x64.ActiveCfg = Release|Any CPU
		{14BABACA-6831-47FD-B1E1-71201BA669AE}.Release|x64.Build.0 = Release|Any CPU
		{14BABACA-6831-47FD-B1E1-71201BA669AE}.Release|x64.Deploy.0 = Release|Any CPU
		{14BABACA-6831-47FD-B1E1-71201BA669AE}.Release|x86.ActiveCfg = Release|Any CPU
		{14BABACA-6831-47FD-B1E1-71201BA669AE}.Release|x86.Build.0 = Release|Any CPU
		{14BABACA-6831-47FD-B1E1-71201BA669AE}.Release|x86.Deploy.0 = Release|Any CPU
	EndGlobalSection
	GlobalSection(SolutionProperties) = preSolution
		HideSolutionNode = FALSE
	EndGlobalSection
	GlobalSection(NestedProjects) = preSolution
		{8E0D0D8D-9342-4A55-9547-2AE4FC122DA8} = {6A8B754D-F60A-42FB-9C3F-E19A6BBD0987}
		{DEEABDBB-6362-40FE-8F20-8F2C6E3761FD} = {6A8B754D-F60A-42FB-9C3F-E19A6BBD0987}
		{94B85287-C904-4672-821E-D0B96BBDF89C} = {BFF05A82-6635-4DBD-BA89-3D26B2C7AEC7}
	EndGlobalSection
	GlobalSection(ExtensibilityGlobals) = postSolution
		SolutionGuid = {078E947A-B1A3-491E-BA80-0370172FB5F9}
		        SolutionGuid = {61F7FB11-1E47-470C-91E2-47F8143E1572}
	EndGlobalSection
EndGlobal
