Microsoft Visual Studio Solution File, Format Version 12.00
# Visual Studio Version 17
VisualStudioVersion = 17.0.31611.283
MinimumVisualStudioVersion = 10.0.40219.1
Project("{9A19103F-16F7-4668-BE54-9A1E7A4F7556}") = "ControlR.Viewer", "ControlR.Viewer\ControlR.Viewer.csproj", "{5F12FC43-5558-45FE-B572-1370815F9A83}"
EndProject
Project("{9A19103F-16F7-4668-BE54-9A1E7A4F7556}") = "ControlR.Libraries.Shared", "Libraries\ControlR.Libraries.Shared\ControlR.Libraries.Shared.csproj", "{9DA9DD7F-2B58-46CF-A4BA-5ABFBD04BAF5}"
EndProject
Project("{2150E333-8FDC-42A3-9474-1A3956D46DE8}") = "Solution Items", "Solution Items", "{BFF05A82-6635-4DBD-BA89-3D26B2C7AEC7}"
	ProjectSection(SolutionItems) = preProject
		Directory.Build.props = Directory.Build.props
		README.md = README.md
	EndProjectSection
EndProject
Project("{9A19103F-16F7-4668-BE54-9A1E7A4F7556}") = "ControlR.Agent", "ControlR.Agent\ControlR.Agent.csproj", "{85932781-AB64-48C9-9789-884D3BB32437}"
	ProjectSection(ProjectDependencies) = postProject
		{F0D66C51-D6BD-45F0-A814-B3B0B168A690} = {F0D66C51-D6BD-45F0-A814-B3B0B168A690}
	EndProjectSection
EndProject
Project("{9A19103F-16F7-4668-BE54-9A1E7A4F7556}") = "ControlR.Libraries.DevicesCommon", "Libraries\ControlR.Libraries.DevicesCommon\ControlR.Libraries.DevicesCommon.csproj", "{F773E361-61EF-4A18-8038-9DB2C8A08391}"
EndProject
Project("{2150E333-8FDC-42A3-9474-1A3956D46DE8}") = "Tests", "Tests", "{6A8B754D-F60A-42FB-9C3F-E19A6BBD0987}"
EndProject
Project("{9A19103F-16F7-4668-BE54-9A1E7A4F7556}") = "ControlR.Libraries.DevicesCommon.Tests", "Tests\ControlR.Libraries.DevicesCommon.Tests\ControlR.Libraries.DevicesCommon.Tests.csproj", "{8E0D0D8D-9342-4A55-9547-2AE4FC122DA8}"
EndProject
Project("{9A19103F-16F7-4668-BE54-9A1E7A4F7556}") = "ControlR.Agent.Tests", "tests\ControlR.Agent.Tests\ControlR.Agent.Tests.csproj", "{DEEABDBB-6362-40FE-8F20-8F2C6E3761FD}"
EndProject
Project("{54A90642-561A-4BB1-A94E-469ADEE60C69}") = "ControlR.Website", "ControlR.Website\ControlR.Website.esproj", "{14BABACA-6831-47FD-B1E1-71201BA669AE}"
EndProject
Project("{2150E333-8FDC-42A3-9474-1A3956D46DE8}") = ".build", ".build", "{94B85287-C904-4672-821E-D0B96BBDF89C}"
	ProjectSection(SolutionItems) = preProject
		.build\Build.ps1 = .build\Build.ps1
		.build\CreateKeystore.cmd = .build\CreateKeystore.cmd
		.build\PrepareArtifacts.ps1 = .build\PrepareArtifacts.ps1
	EndProjectSection
EndProject
Project("{E53339B2-1760-4266-BCC7-CA923CBCF16C}") = "docker-compose", "docker-compose\docker-compose.dcproj", "{9BEF28CB-4D1A-4973-BBAE-26BDCCF8FB88}"
EndProject
Project("{9A19103F-16F7-4668-BE54-9A1E7A4F7556}") = "ControlR.Libraries.DevicesNative", "Libraries\ControlR.Libraries.DevicesNative\ControlR.Libraries.DevicesNative.csproj", "{BDAAE932-DEC8-4DD0-A059-C9E197A7911C}"
EndProject
Project("{9A19103F-16F7-4668-BE54-9A1E7A4F7556}") = "ControlR.Shared.Tests", "Tests\ControlR.Shared.Tests\ControlR.Shared.Tests.csproj", "{91599A08-98F0-4DE7-921C-76D8E83BB86A}"
EndProject
Project("{9A19103F-16F7-4668-BE54-9A1E7A4F7556}") = "ControlR.Server.Tests", "Tests\ControlR.Server.Tests\ControlR.Server.Tests.csproj", "{F6D09A60-CD6A-4BD3-AC76-3A595F23717C}"
EndProject
Project("{2150E333-8FDC-42A3-9474-1A3956D46DE8}") = ".azure-pipelines", ".azure-pipelines", "{E49A955D-AC20-46C0-9DAB-1357B896BB18}"
	ProjectSection(SolutionItems) = preProject
		.azure-pipelines\default.yml = .azure-pipelines\default.yml
	EndProjectSection
EndProject
Project("{2150E333-8FDC-42A3-9474-1A3956D46DE8}") = "Libraries", "Libraries", "{5E522C75-6FF4-4ADF-99F4-F8DBFF7F5D13}"
EndProject
Project("{9A19103F-16F7-4668-BE54-9A1E7A4F7556}") = "ControlR.Streamer", "ControlR.Streamer\ControlR.Streamer.csproj", "{F0D66C51-D6BD-45F0-A814-B3B0B168A690}"
EndProject
Project("{9A19103F-16F7-4668-BE54-9A1E7A4F7556}") = "ControlR.Libraries.ScreenCapture", "Libraries\ControlR.Libraries.ScreenCapture\ControlR.Libraries.ScreenCapture.csproj", "{1D8E803F-D7C4-40FE-9122-A5DF2D8B5FC2}"
EndProject
Project("{9A19103F-16F7-4668-BE54-9A1E7A4F7556}") = "ControlR.Libraries.ScreenCapture.Benchmarks", "Tests\ControlR.Libraries.ScreenCapture.Benchmarks\ControlR.Libraries.ScreenCapture.Benchmarks.csproj", "{95B98845-4F9C-4B6B-88F7-9194A2A824CA}"
EndProject
Project("{9A19103F-16F7-4668-BE54-9A1E7A4F7556}") = "ControlR.Libraries.Clients", "Libraries\ControlR.Libraries.Clients\ControlR.Libraries.Clients.csproj", "{E36620C7-2D12-4956-BF31-A82258A7C656}"
EndProject
Project("{9A19103F-16F7-4668-BE54-9A1E7A4F7556}") = "ControlR.Web.Server", "ControlR.Web.Server\ControlR.Web.Server.csproj", "{318CCA27-F0E2-4956-B94E-78E67BDAD81A}"
EndProject
Project("{9A19103F-16F7-4668-BE54-9A1E7A4F7556}") = "ControlR.Web.Client", "ControlR.Web.Client\ControlR.Web.Client.csproj", "{633D8066-7BC4-40CE-A752-B21CBF39CD79}"
EndProject
Project("{9A19103F-16F7-4668-BE54-9A1E7A4F7556}") = "ControlR.Web.ServiceDefaults", "ControlR.Web.ServiceDefaults\ControlR.Web.ServiceDefaults.csproj", "{C79FE601-7588-46E7-A0AF-D7245475C00C}"
EndProject
Project("{9A19103F-16F7-4668-BE54-9A1E7A4F7556}") = "ControlR.Web.AppHost", "ControlR.Web.AppHost\ControlR.Web.AppHost.csproj", "{5FE149EC-5F31-4E79-BDD1-DD98A3DC22C3}"
EndProject
Global
	GlobalSection(SolutionConfigurationPlatforms) = preSolution
		Debug|Any CPU = Debug|Any CPU
		Release|Any CPU = Release|Any CPU
	EndGlobalSection
	GlobalSection(ProjectConfigurationPlatforms) = postSolution
		{5F12FC43-5558-45FE-B572-1370815F9A83}.Debug|Any CPU.ActiveCfg = Debug|Any CPU
		{5F12FC43-5558-45FE-B572-1370815F9A83}.Release|Any CPU.ActiveCfg = Release|Any CPU
		{9DA9DD7F-2B58-46CF-A4BA-5ABFBD04BAF5}.Debug|Any CPU.ActiveCfg = Debug|Any CPU
		{9DA9DD7F-2B58-46CF-A4BA-5ABFBD04BAF5}.Debug|Any CPU.Build.0 = Debug|Any CPU
		{9DA9DD7F-2B58-46CF-A4BA-5ABFBD04BAF5}.Release|Any CPU.ActiveCfg = Release|Any CPU
		{9DA9DD7F-2B58-46CF-A4BA-5ABFBD04BAF5}.Release|Any CPU.Build.0 = Release|Any CPU
		{85932781-AB64-48C9-9789-884D3BB32437}.Debug|Any CPU.ActiveCfg = Debug|Any CPU
		{85932781-AB64-48C9-9789-884D3BB32437}.Debug|Any CPU.Build.0 = Debug|Any CPU
		{85932781-AB64-48C9-9789-884D3BB32437}.Release|Any CPU.ActiveCfg = Release|Any CPU
		{85932781-AB64-48C9-9789-884D3BB32437}.Release|Any CPU.Build.0 = Release|Any CPU
		{F773E361-61EF-4A18-8038-9DB2C8A08391}.Debug|Any CPU.ActiveCfg = Debug|Any CPU
		{F773E361-61EF-4A18-8038-9DB2C8A08391}.Debug|Any CPU.Build.0 = Debug|Any CPU
		{F773E361-61EF-4A18-8038-9DB2C8A08391}.Release|Any CPU.ActiveCfg = Release|Any CPU
		{F773E361-61EF-4A18-8038-9DB2C8A08391}.Release|Any CPU.Build.0 = Release|Any CPU
		{8E0D0D8D-9342-4A55-9547-2AE4FC122DA8}.Debug|Any CPU.ActiveCfg = Debug|Any CPU
		{8E0D0D8D-9342-4A55-9547-2AE4FC122DA8}.Debug|Any CPU.Build.0 = Debug|Any CPU
		{8E0D0D8D-9342-4A55-9547-2AE4FC122DA8}.Release|Any CPU.ActiveCfg = Release|Any CPU
		{8E0D0D8D-9342-4A55-9547-2AE4FC122DA8}.Release|Any CPU.Build.0 = Release|Any CPU
		{DEEABDBB-6362-40FE-8F20-8F2C6E3761FD}.Debug|Any CPU.ActiveCfg = Debug|Any CPU
		{DEEABDBB-6362-40FE-8F20-8F2C6E3761FD}.Debug|Any CPU.Build.0 = Debug|Any CPU
		{DEEABDBB-6362-40FE-8F20-8F2C6E3761FD}.Release|Any CPU.ActiveCfg = Release|Any CPU
		{DEEABDBB-6362-40FE-8F20-8F2C6E3761FD}.Release|Any CPU.Build.0 = Release|Any CPU
		{14BABACA-6831-47FD-B1E1-71201BA669AE}.Debug|Any CPU.ActiveCfg = Debug|Any CPU
		{14BABACA-6831-47FD-B1E1-71201BA669AE}.Release|Any CPU.ActiveCfg = Release|Any CPU
		{9BEF28CB-4D1A-4973-BBAE-26BDCCF8FB88}.Debug|Any CPU.ActiveCfg = Debug|Any CPU
		{9BEF28CB-4D1A-4973-BBAE-26BDCCF8FB88}.Debug|Any CPU.Build.0 = Debug|Any CPU
		{9BEF28CB-4D1A-4973-BBAE-26BDCCF8FB88}.Release|Any CPU.ActiveCfg = Release|Any CPU
		{9BEF28CB-4D1A-4973-BBAE-26BDCCF8FB88}.Release|Any CPU.Build.0 = Release|Any CPU
		{BDAAE932-DEC8-4DD0-A059-C9E197A7911C}.Debug|Any CPU.ActiveCfg = Debug|Any CPU
		{BDAAE932-DEC8-4DD0-A059-C9E197A7911C}.Debug|Any CPU.Build.0 = Debug|Any CPU
		{BDAAE932-DEC8-4DD0-A059-C9E197A7911C}.Release|Any CPU.ActiveCfg = Release|Any CPU
		{BDAAE932-DEC8-4DD0-A059-C9E197A7911C}.Release|Any CPU.Build.0 = Release|Any CPU
		{91599A08-98F0-4DE7-921C-76D8E83BB86A}.Debug|Any CPU.ActiveCfg = Debug|Any CPU
		{91599A08-98F0-4DE7-921C-76D8E83BB86A}.Debug|Any CPU.Build.0 = Debug|Any CPU
		{91599A08-98F0-4DE7-921C-76D8E83BB86A}.Release|Any CPU.ActiveCfg = Release|Any CPU
		{91599A08-98F0-4DE7-921C-76D8E83BB86A}.Release|Any CPU.Build.0 = Release|Any CPU
		{F6D09A60-CD6A-4BD3-AC76-3A595F23717C}.Debug|Any CPU.ActiveCfg = Debug|Any CPU
		{F6D09A60-CD6A-4BD3-AC76-3A595F23717C}.Debug|Any CPU.Build.0 = Debug|Any CPU
		{F6D09A60-CD6A-4BD3-AC76-3A595F23717C}.Release|Any CPU.ActiveCfg = Release|Any CPU
		{F6D09A60-CD6A-4BD3-AC76-3A595F23717C}.Release|Any CPU.Build.0 = Release|Any CPU
		{F0D66C51-D6BD-45F0-A814-B3B0B168A690}.Debug|Any CPU.ActiveCfg = Debug|Any CPU
		{F0D66C51-D6BD-45F0-A814-B3B0B168A690}.Debug|Any CPU.Build.0 = Debug|Any CPU
		{F0D66C51-D6BD-45F0-A814-B3B0B168A690}.Release|Any CPU.ActiveCfg = Release|Any CPU
		{F0D66C51-D6BD-45F0-A814-B3B0B168A690}.Release|Any CPU.Build.0 = Release|Any CPU
		{1D8E803F-D7C4-40FE-9122-A5DF2D8B5FC2}.Debug|Any CPU.ActiveCfg = Debug|Any CPU
		{1D8E803F-D7C4-40FE-9122-A5DF2D8B5FC2}.Debug|Any CPU.Build.0 = Debug|Any CPU
		{1D8E803F-D7C4-40FE-9122-A5DF2D8B5FC2}.Release|Any CPU.ActiveCfg = Release|Any CPU
		{1D8E803F-D7C4-40FE-9122-A5DF2D8B5FC2}.Release|Any CPU.Build.0 = Release|Any CPU
		{95B98845-4F9C-4B6B-88F7-9194A2A824CA}.Debug|Any CPU.ActiveCfg = Debug|Any CPU
		{95B98845-4F9C-4B6B-88F7-9194A2A824CA}.Debug|Any CPU.Build.0 = Debug|Any CPU
		{95B98845-4F9C-4B6B-88F7-9194A2A824CA}.Release|Any CPU.ActiveCfg = Release|Any CPU
		{95B98845-4F9C-4B6B-88F7-9194A2A824CA}.Release|Any CPU.Build.0 = Release|Any CPU
		{E36620C7-2D12-4956-BF31-A82258A7C656}.Debug|Any CPU.ActiveCfg = Debug|Any CPU
		{E36620C7-2D12-4956-BF31-A82258A7C656}.Debug|Any CPU.Build.0 = Debug|Any CPU
		{E36620C7-2D12-4956-BF31-A82258A7C656}.Release|Any CPU.ActiveCfg = Release|Any CPU
		{E36620C7-2D12-4956-BF31-A82258A7C656}.Release|Any CPU.Build.0 = Release|Any CPU
		{318CCA27-F0E2-4956-B94E-78E67BDAD81A}.Debug|Any CPU.ActiveCfg = Debug|Any CPU
		{318CCA27-F0E2-4956-B94E-78E67BDAD81A}.Debug|Any CPU.Build.0 = Debug|Any CPU
		{318CCA27-F0E2-4956-B94E-78E67BDAD81A}.Release|Any CPU.ActiveCfg = Release|Any CPU
		{318CCA27-F0E2-4956-B94E-78E67BDAD81A}.Release|Any CPU.Build.0 = Release|Any CPU
		{633D8066-7BC4-40CE-A752-B21CBF39CD79}.Debug|Any CPU.ActiveCfg = Debug|Any CPU
		{633D8066-7BC4-40CE-A752-B21CBF39CD79}.Debug|Any CPU.Build.0 = Debug|Any CPU
		{633D8066-7BC4-40CE-A752-B21CBF39CD79}.Release|Any CPU.ActiveCfg = Release|Any CPU
		{633D8066-7BC4-40CE-A752-B21CBF39CD79}.Release|Any CPU.Build.0 = Release|Any CPU
		{C79FE601-7588-46E7-A0AF-D7245475C00C}.Debug|Any CPU.ActiveCfg = Debug|Any CPU
		{C79FE601-7588-46E7-A0AF-D7245475C00C}.Debug|Any CPU.Build.0 = Debug|Any CPU
		{C79FE601-7588-46E7-A0AF-D7245475C00C}.Release|Any CPU.ActiveCfg = Release|Any CPU
		{C79FE601-7588-46E7-A0AF-D7245475C00C}.Release|Any CPU.Build.0 = Release|Any CPU
		{5FE149EC-5F31-4E79-BDD1-DD98A3DC22C3}.Debug|Any CPU.ActiveCfg = Debug|Any CPU
		{5FE149EC-5F31-4E79-BDD1-DD98A3DC22C3}.Debug|Any CPU.Build.0 = Debug|Any CPU
		{5FE149EC-5F31-4E79-BDD1-DD98A3DC22C3}.Release|Any CPU.ActiveCfg = Release|Any CPU
		{5FE149EC-5F31-4E79-BDD1-DD98A3DC22C3}.Release|Any CPU.Build.0 = Release|Any CPU
	EndGlobalSection
	GlobalSection(SolutionProperties) = preSolution
		HideSolutionNode = FALSE
	EndGlobalSection
	GlobalSection(NestedProjects) = preSolution
		{9DA9DD7F-2B58-46CF-A4BA-5ABFBD04BAF5} = {5E522C75-6FF4-4ADF-99F4-F8DBFF7F5D13}
		{F773E361-61EF-4A18-8038-9DB2C8A08391} = {5E522C75-6FF4-4ADF-99F4-F8DBFF7F5D13}
		{8E0D0D8D-9342-4A55-9547-2AE4FC122DA8} = {6A8B754D-F60A-42FB-9C3F-E19A6BBD0987}
		{DEEABDBB-6362-40FE-8F20-8F2C6E3761FD} = {6A8B754D-F60A-42FB-9C3F-E19A6BBD0987}
		{94B85287-C904-4672-821E-D0B96BBDF89C} = {BFF05A82-6635-4DBD-BA89-3D26B2C7AEC7}
		{BDAAE932-DEC8-4DD0-A059-C9E197A7911C} = {5E522C75-6FF4-4ADF-99F4-F8DBFF7F5D13}
		{91599A08-98F0-4DE7-921C-76D8E83BB86A} = {6A8B754D-F60A-42FB-9C3F-E19A6BBD0987}
		{F6D09A60-CD6A-4BD3-AC76-3A595F23717C} = {6A8B754D-F60A-42FB-9C3F-E19A6BBD0987}
		{E49A955D-AC20-46C0-9DAB-1357B896BB18} = {BFF05A82-6635-4DBD-BA89-3D26B2C7AEC7}
		{1D8E803F-D7C4-40FE-9122-A5DF2D8B5FC2} = {5E522C75-6FF4-4ADF-99F4-F8DBFF7F5D13}
		{95B98845-4F9C-4B6B-88F7-9194A2A824CA} = {6A8B754D-F60A-42FB-9C3F-E19A6BBD0987}
		{E36620C7-2D12-4956-BF31-A82258A7C656} = {5E522C75-6FF4-4ADF-99F4-F8DBFF7F5D13}
	EndGlobalSection
	GlobalSection(ExtensibilityGlobals) = postSolution
										SolutionGuid = {61F7FB11-1E47-470C-91E2-47F8143E1572}
		SolutionGuid = {078E947A-B1A3-491E-BA80-0370172FB5F9}
	EndGlobalSection
EndGlobal
